
Microsoft Visual Studio Solution File, Format Version 12.00
# Visual Studio Version 16
VisualStudioVersion = 16.0.29806.167
MinimumVisualStudioVersion = 10.0.40219.1
Project("{FAE04EC0-301F-11D3-BF4B-00C04F79EFBC}") = "HOSPITAL", "HOSPITAL.csproj", "{9554042E-BE9F-4313-92A7-97211A4631DC}"
EndProject
Global
	GlobalSection(SolutionConfigurationPlatforms) = preSolution
		Debug|Any CPU = Debug|Any CPU
		Release|Any CPU = Release|Any CPU
	EndGlobalSection
	GlobalSection(ProjectConfigurationPlatforms) = postSolution
		{9554042E-BE9F-4313-92A7-97211A4631DC}.Debug|Any CPU.ActiveCfg = Debug|Any CPU
		{9554042E-BE9F-4313-92A7-97211A4631DC}.Debug|Any CPU.Build.0 = Debug|Any CPU
		{9554042E-BE9F-4313-92A7-97211A4631DC}.Release|Any CPU.ActiveCfg = Release|Any CPU
		{9554042E-BE9F-4313-92A7-97211A4631DC}.Release|Any CPU.Build.0 = Release|Any CPU
	EndGlobalSection
	GlobalSection(SolutionProperties) = preSolution
		HideSolutionNode = FALSE
	EndGlobalSection
	GlobalSection(ExtensibilityGlobals) = postSolution
		SolutionGuid = {0101C6CD-2306-425C-8A34-CB83D03B42BA}
	EndGlobalSection
EndGlobal
